Microsoft Visual Studio Solution File, Format Version 12.00
# Visual Studio Version 17
VisualStudioVersion = 17.5.2.0
MinimumVisualStudioVersion = 10.0.40219.1
Project("{FAE04EC0-301F-11D3-BF4B-00C04F79EFBC}") = "lotteryApi", "lotteryApi\lotteryApi.csproj", "{E5478228-1427-2501-10D4-3AC05D337250}"
EndProject
Global
	GlobalSection(SolutionConfigurationPlatforms) = preSolution
		Debug|Any CPU = Debug|Any CPU
		Release|Any CPU = Release|Any CPU
	EndGlobalSection
	GlobalSection(ProjectConfigurationPlatforms) = postSolution
		{E5478228-1427-2501-10D4-3AC05D337250}.Debug|Any CPU.ActiveCfg = Debug|Any CPU
		{E5478228-1427-2501-10D4-3AC05D337250}.Debug|Any CPU.Build.0 = Debug|Any CPU
		{E5478228-1427-2501-10D4-3AC05D337250}.Release|Any CPU.ActiveCfg = Release|Any CPU
		{E5478228-1427-2501-10D4-3AC05D337250}.Release|Any CPU.Build.0 = Release|Any CPU
	EndGlobalSection
	GlobalSection(SolutionProperties) = preSolution
		HideSolutionNode = FALSE
	EndGlobalSection
	GlobalSection(ExtensibilityGlobals) = postSolution
		SolutionGuid = {86DF1805-66ED-484A-B4B9-0EC49E13439A}
	EndGlobalSection
EndGlobal
